{
  "name": "k6_performance_test",
  "version": "1.0.0",
  "lockfileVersion": 3,
  "requires": true,
  "packages": {
    "": {
      "name": "k6_performance_test",
      "version": "1.0.0",
      "license": "ISC",
      "devDependencies": {
        "@types/k6": "^1.5.0",
        "prettier": "^2.8.8"
      }
    },
    "node_modules/@types/k6": {
      "version": "1.5.0",
      "resolved": "https://registry.npmjs.org/@types/k6/-/k6-1.5.0.tgz",
      "integrity": "sha512-eQmSjjgYO1irlOmoZzGSuoYsK2uMrX3m/flcnqt5IDLA9D/vkPcRsAKfe9D6GrjXATD/Oo9ynQ6vc13V02WRmQ==",
      "dev": true,
      "license": "MIT"
    },
    "node_modules/prettier": {
      "version": "2.8.8",
      "resolved": "https://registry.npmjs.org/prettier/-/prettier-2.8.8.tgz",
      "integrity": "sha512-tdN8qQGvNjw4CHbY+XXk0JgCXn9QiF21a55rBe5LJAU+kDyC4WQn4+awm2Xfk2lQMk5fKup9XgzTZtGkjBdP9Q==",
      "dev": true,
      "license": "MIT",
      "bin": {
        "prettier": "bin-prettier.js"
      },
      "engines": {
        "node": ">=10.13.0"
      },
      "funding": {
        "url": "https://github.com/prettier/prettier?sponsor=1"
      }
    }
  }
}
